
Microsoft Visual Studio Solution File, Format Version 12.00
# Visual Studio Version 17
VisualStudioVersion = 17.4.33110.190
MinimumVisualStudioVersion = 10.0.40219.1
Project("{FAE04EC0-301F-11D3-BF4B-00C04F79EFBC}") = "GestionLocation", "GestionLocation\GestionLocation.csproj", "{9864BC46-5B87-4CC8-A6DD-472232617611}"
EndProject
Global
	GlobalSection(SolutionConfigurationPlatforms) = preSolution
		Debug|Any CPU = Debug|Any CPU
		Release|Any CPU = Release|Any CPU
	EndGlobalSection
	GlobalSection(ProjectConfigurationPlatforms) = postSolution
		{9864BC46-5B87-4CC8-A6DD-472232617611}.Debug|Any CPU.ActiveCfg = Debug|Any CPU
		{9864BC46-5B87-4CC8-A6DD-472232617611}.Debug|Any CPU.Build.0 = Debug|Any CPU
		{9864BC46-5B87-4CC8-A6DD-472232617611}.Release|Any CPU.ActiveCfg = Release|Any CPU
		{9864BC46-5B87-4CC8-A6DD-472232617611}.Release|Any CPU.Build.0 = Release|Any CPU
	EndGlobalSection
	GlobalSection(SolutionProperties) = preSolution
		HideSolutionNode = FALSE
	EndGlobalSection
	GlobalSection(ExtensibilityGlobals) = postSolution
		SolutionGuid = {EEEF0820-9AE0-4274-90EF-C969F296F39F}
	EndGlobalSection
EndGlobal
